
Microsoft Visual Studio Solution File, Format Version 12.00
# Visual Studio 15
VisualStudioVersion = 15.0.28010.2036
MinimumVisualStudioVersion = 10.0.40219.1
Project("{FAE04EC0-301F-11D3-BF4B-00C04F79EFBC}") = "SquareNumbers", "SquareNumbers\SquareNumbers.csproj", "{10E74800-4BB6-4E3F-A0F9-3D8D9963FB73}"
EndProject
Global
	GlobalSection(SolutionConfigurationPlatforms) = preSolution
		Debug|Any CPU = Debug|Any CPU
		Release|Any CPU = Release|Any CPU
	EndGlobalSection
	GlobalSection(ProjectConfigurationPlatforms) = postSolution
		{10E74800-4BB6-4E3F-A0F9-3D8D9963FB73}.Debug|Any CPU.ActiveCfg = Debug|Any CPU
		{10E74800-4BB6-4E3F-A0F9-3D8D9963FB73}.Debug|Any CPU.Build.0 = Debug|Any CPU
		{10E74800-4BB6-4E3F-A0F9-3D8D9963FB73}.Release|Any CPU.ActiveCfg = Release|Any CPU
		{10E74800-4BB6-4E3F-A0F9-3D8D9963FB73}.Release|Any CPU.Build.0 = Release|Any CPU
	EndGlobalSection
	GlobalSection(SolutionProperties) = preSolution
		HideSolutionNode = FALSE
	EndGlobalSection
	GlobalSection(ExtensibilityGlobals) = postSolution
		SolutionGuid = {E9D28807-FDF9-40EB-A67C-80198BB551D2}
	EndGlobalSection
EndGlobal
